<?xml version="1.0" encoding="utf-8"?>
<Project ToolsVersion="4.0" xmlns="http://schemas.microsoft.com/developer/msbuild/2003">
  <ItemGroup>
    <Filter Include="ソース ファイル">
      <UniqueIdentifier>{4FC737F1-C7A5-4376-A066-2A32D752A2FF}</UniqueIdentifier>
      <Extensions>cpp;c;cc;cxx;def;odl;idl;hpj;bat;asm;asmx</Extensions>
    </Filter>
    <Filter Include="ヘッダー ファイル">
      <UniqueIdentifier>{93995380-89BD-4b04-88EB-625FBE52EBFB}</UniqueIdentifier>
      <Extensions>h;hh;hpp;hxx;hm;inl;inc;ipp;xsd</Extensions>
    </Filter>
    <Filter Include="リソース ファイル">
      <UniqueIdentifier>{67DA6AB6-F800-4c08-8B7A-83BB121AAD01}</UniqueIdentifier>
      <Extensions>rc;ico;cur;bmp;dlg;rc2;rct;bin;rgs;gif;jpg;jpeg;jpe;resx;tiff;tif;png;wav;mfcribbon-ms</Extensions>
    </Filter>
    <Filter Include="リソース ファイル\Robot_Kyle">
      <UniqueIdentifier>{dea0045f-566a-4e87-9c4e-2f1c9e05e693}</UniqueIdentifier>
    </Filter>
  </ItemGroup>
  <ItemGroup>
    <Image Include="..\..\..\Downloads\ダイレクトソース\ダイレクトソース\8_デコボコ味\hoge.dds" />
    <Image Include="..\..\..\Downloads\ダイレクトソース\ダイレクトソース\8_デコボコ味\res\Robot_Kyle\Robot_Normal.png">
      <Filter>リソース ファイル\Robot_Kyle</Filter>
    </Image>
    <Image Include="..\..\..\Downloads\ダイレクトソース\ダイレクトソース\8_デコボコ味\res\Robot_Kyle\Robot_Color.png">
      <Filter>リソース ファイル\Robot_Kyle</Filter>
    </Image>
  </ItemGroup>
  <ItemGroup>
    <None Include="SkinnedMeshBumpShader.hlsl" />
    <None Include="..\..\..\Downloads\ダイレクトソース\ダイレクトソース\8_デコボコ味\Robot_Kyle.skls" />
    <None Include="..\..\..\Downloads\ダイレクトソース\ダイレクトソース\8_デコボコ味\Y_Bot%40kicking_1.anms" />
    <None Include="..\..\..\Downloads\ダイレクトソース\ダイレクトソース\8_デコボコ味\res\Robot_Kyle\Robot_Kyle.meshs">
      <Filter>リソース ファイル\Robot_Kyle</Filter>
    </None>
  </ItemGroup>
  <ItemGroup>
    <ClCompile Include="..\..\..\Downloads\ダイレクトソース\ダイレクトソース\8_デコボコ味\src\lodepng.cpp">
      <Filter>ソース ファイル</Filter>
    </ClCompile>
    <ClCompile Include="..\..\..\Downloads\ダイレクトソース\ダイレクトソース\8_デコボコ味\src\main.cpp">
      <Filter>ソース ファイル</Filter>
    </ClCompile>
    <ClCompile Include="..\..\..\Downloads\ダイレクトソース\ダイレクトソース\8_デコボコ味\src\Mesh.cpp">
      <Filter>ソース ファイル</Filter>
    </ClCompile>
    <ClCompile Include="..\..\..\Downloads\ダイレクトソース\ダイレクトソース\8_デコボコ味\src\Skeleton.cpp">
      <Filter>ソース ファイル</Filter>
    </ClCompile>
    <ClCompile Include="..\..\..\Downloads\ダイレクトソース\ダイレクトソース\8_デコボコ味\src\SkinnedMesh.cpp">
      <Filter>ソース ファイル</Filter>
    </ClCompile>
    <ClCompile Include="..\..\..\Downloads\ダイレクトソース\ダイレクトソース\8_デコボコ味\src\SkinnedMeshShader.cpp">
      <Filter>ソース ファイル</Filter>
    </ClCompile>
    <ClCompile Include="..\..\..\Downloads\ダイレクトソース\ダイレクトソース\8_デコボコ味\src\Texture2D.cpp">
      <Filter>ソース ファイル</Filter>
    </ClCompile>
    <ClCompile Include="..\..\..\Downloads\ダイレクトソース\ダイレクトソース\8_デコボコ味\src\Animation.cpp">
      <Filter>ソース ファイル</Filter>
    </ClCompile>
  </ItemGroup>
  <ItemGroup>
    <ClInclude Include="..\..\..\Downloads\ダイレクトソース\ダイレクトソース\8_デコボコ味\src\Texture2D.h">
      <Filter>ヘッダー ファイル</Filter>
    </ClInclude>
    <ClInclude Include="..\..\..\Downloads\ダイレクトソース\ダイレクトソース\8_デコボコ味\src\Animation.h">
      <Filter>ヘッダー ファイル</Filter>
    </ClInclude>
    <ClInclude Include="..\..\..\Downloads\ダイレクトソース\ダイレクトソース\8_デコボコ味\src\lodepng.h">
      <Filter>ヘッダー ファイル</Filter>
    </ClInclude>
    <ClInclude Include="..\..\..\Downloads\ダイレクトソース\ダイレクトソース\8_デコボコ味\src\Mesh.h">
      <Filter>ヘッダー ファイル</Filter>
    </ClInclude>
    <ClInclude Include="..\..\..\Downloads\ダイレクトソース\ダイレクトソース\8_デコボコ味\src\Skeleton.h">
      <Filter>ヘッダー ファイル</Filter>
    </ClInclude>
    <ClInclude Include="..\..\..\Downloads\ダイレクトソース\ダイレクトソース\8_デコボコ味\src\SkinnedMesh.h">
      <Filter>ヘッダー ファイル</Filter>
    </ClInclude>
    <ClInclude Include="..\..\..\Downloads\ダイレクトソース\ダイレクトソース\8_デコボコ味\src\SkinnedMeshShader.h">
      <Filter>ヘッダー ファイル</Filter>
    </ClInclude>
  </ItemGroup>
</Project>