
Microsoft Visual Studio Solution File, Format Version 12.00
# Visual Studio 15
VisualStudioVersion = 15.0.28307.705
MinimumVisualStudioVersion = 10.0.40219.1
Project("{8BC9CEB8-8B4A-11D0-8D11-00A0C91BC942}") = "01", "01\01.vcxproj", "{C26D3B1C-3359-4390-A43A-2498660BF661}"
EndProject
Project("{8BC9CEB8-8B4A-11D0-8D11-00A0C91BC942}") = "02", "02\02.vcxproj", "{67371E09-C805-482C-BB0D-A47928EE7AE6}"
EndProject
Project("{8BC9CEB8-8B4A-11D0-8D11-00A0C91BC942}") = "03", "03\03.vcxproj", "{6F4F01D5-05C9-42DA-94F7-E158F47DF2C9}"
EndProject
Project("{8BC9CEB8-8B4A-11D0-8D11-00A0C91BC942}") = "04", "04\04.vcxproj", "{4A55F1FC-C388-4B25-B558-CAD6AC754960}"
EndProject
Project("{8BC9CEB8-8B4A-11D0-8D11-00A0C91BC942}") = "05", "05\05.vcxproj", "{13F444CF-AAA1-41D5-A81A-F5CDBBAA5BDA}"
EndProject
Project("{8BC9CEB8-8B4A-11D0-8D11-00A0C91BC942}") = "06", "06\06.vcxproj", "{17FC3379-5008-4D05-B2C9-30AC24A5000E}"
EndProject
Project("{8BC9CEB8-8B4A-11D0-8D11-00A0C91BC942}") = "07", "07\07.vcxproj", "{67DE84F7-BD7F-46F9-9E20-1802212D14A7}"
EndProject
Project("{8BC9CEB8-8B4A-11D0-8D11-00A0C91BC942}") = "08", "08\08.vcxproj", "{9389A489-A394-43FD-94E4-E65D20331552}"
EndProject
Global
	GlobalSection(SolutionConfigurationPlatforms) = preSolution
		Debug|x64 = Debug|x64
		Debug|x86 = Debug|x86
		Release|x64 = Release|x64
		Release|x86 = Release|x86
	EndGlobalSection
	GlobalSection(ProjectConfigurationPlatforms) = postSolution
		{C26D3B1C-3359-4390-A43A-2498660BF661}.Debug|x64.ActiveCfg = Debug|x64
		{C26D3B1C-3359-4390-A43A-2498660BF661}.Debug|x64.Build.0 = Debug|x64
		{C26D3B1C-3359-4390-A43A-2498660BF661}.Debug|x86.ActiveCfg = Debug|Win32
		{C26D3B1C-3359-4390-A43A-2498660BF661}.Debug|x86.Build.0 = Debug|Win32
		{C26D3B1C-3359-4390-A43A-2498660BF661}.Release|x64.ActiveCfg = Release|x64
		{C26D3B1C-3359-4390-A43A-2498660BF661}.Release|x64.Build.0 = Release|x64
		{C26D3B1C-3359-4390-A43A-2498660BF661}.Release|x86.ActiveCfg = Release|Win32
		{C26D3B1C-3359-4390-A43A-2498660BF661}.Release|x86.Build.0 = Release|Win32
		{67371E09-C805-482C-BB0D-A47928EE7AE6}.Debug|x64.ActiveCfg = Debug|x64
		{67371E09-C805-482C-BB0D-A47928EE7AE6}.Debug|x64.Build.0 = Debug|x64
		{67371E09-C805-482C-BB0D-A47928EE7AE6}.Debug|x86.ActiveCfg = Debug|Win32
		{67371E09-C805-482C-BB0D-A47928EE7AE6}.Debug|x86.Build.0 = Debug|Win32
		{67371E09-C805-482C-BB0D-A47928EE7AE6}.Release|x64.ActiveCfg = Release|x64
		{67371E09-C805-482C-BB0D-A47928EE7AE6}.Release|x64.Build.0 = Release|x64
		{67371E09-C805-482C-BB0D-A47928EE7AE6}.Release|x86.ActiveCfg = Release|Win32
		{67371E09-C805-482C-BB0D-A47928EE7AE6}.Release|x86.Build.0 = Release|Win32
		{6F4F01D5-05C9-42DA-94F7-E158F47DF2C9}.Debug|x64.ActiveCfg = Debug|x64
		{6F4F01D5-05C9-42DA-94F7-E158F47DF2C9}.Debug|x64.Build.0 = Debug|x64
		{6F4F01D5-05C9-42DA-94F7-E158F47DF2C9}.Debug|x86.ActiveCfg = Debug|Win32
		{6F4F01D5-05C9-42DA-94F7-E158F47DF2C9}.Debug|x86.Build.0 = Debug|Win32
		{6F4F01D5-05C9-42DA-94F7-E158F47DF2C9}.Release|x64.ActiveCfg = Release|x64
		{6F4F01D5-05C9-42DA-94F7-E158F47DF2C9}.Release|x64.Build.0 = Release|x64
		{6F4F01D5-05C9-42DA-94F7-E158F47DF2C9}.Release|x86.ActiveCfg = Release|Win32
		{6F4F01D5-05C9-42DA-94F7-E158F47DF2C9}.Release|x86.Build.0 = Release|Win32
		{4A55F1FC-C388-4B25-B558-CAD6AC754960}.Debug|x64.ActiveCfg = Debug|x64
		{4A55F1FC-C388-4B25-B558-CAD6AC754960}.Debug|x64.Build.0 = Debug|x64
		{4A55F1FC-C388-4B25-B558-CAD6AC754960}.Debug|x86.ActiveCfg = Debug|Win32
		{4A55F1FC-C388-4B25-B558-CAD6AC754960}.Debug|x86.Build.0 = Debug|Win32
		{4A55F1FC-C388-4B25-B558-CAD6AC754960}.Release|x64.ActiveCfg = Release|x64
		{4A55F1FC-C388-4B25-B558-CAD6AC754960}.Release|x64.Build.0 = Release|x64
		{4A55F1FC-C388-4B25-B558-CAD6AC754960}.Release|x86.ActiveCfg = Release|Win32
		{4A55F1FC-C388-4B25-B558-CAD6AC754960}.Release|x86.Build.0 = Release|Win32
		{13F444CF-AAA1-41D5-A81A-F5CDBBAA5BDA}.Debug|x64.ActiveCfg = Debug|x64
		{13F444CF-AAA1-41D5-A81A-F5CDBBAA5BDA}.Debug|x64.Build.0 = Debug|x64
		{13F444CF-AAA1-41D5-A81A-F5CDBBAA5BDA}.Debug|x86.ActiveCfg = Debug|Win32
		{13F444CF-AAA1-41D5-A81A-F5CDBBAA5BDA}.Debug|x86.Build.0 = Debug|Win32
		{13F444CF-AAA1-41D5-A81A-F5CDBBAA5BDA}.Release|x64.ActiveCfg = Release|x64
		{13F444CF-AAA1-41D5-A81A-F5CDBBAA5BDA}.Release|x64.Build.0 = Release|x64
		{13F444CF-AAA1-41D5-A81A-F5CDBBAA5BDA}.Release|x86.ActiveCfg = Release|Win32
		{13F444CF-AAA1-41D5-A81A-F5CDBBAA5BDA}.Release|x86.Build.0 = Release|Win32
		{17FC3379-5008-4D05-B2C9-30AC24A5000E}.Debug|x64.ActiveCfg = Debug|x64
		{17FC3379-5008-4D05-B2C9-30AC24A5000E}.Debug|x64.Build.0 = Debug|x64
		{17FC3379-5008-4D05-B2C9-30AC24A5000E}.Debug|x86.ActiveCfg = Debug|Win32
		{17FC3379-5008-4D05-B2C9-30AC24A5000E}.Debug|x86.Build.0 = Debug|Win32
		{17FC3379-5008-4D05-B2C9-30AC24A5000E}.Release|x64.ActiveCfg = Release|x64
		{17FC3379-5008-4D05-B2C9-30AC24A5000E}.Release|x64.Build.0 = Release|x64
		{17FC3379-5008-4D05-B2C9-30AC24A5000E}.Release|x86.ActiveCfg = Release|Win32
		{17FC3379-5008-4D05-B2C9-30AC24A5000E}.Release|x86.Build.0 = Release|Win32
		{67DE84F7-BD7F-46F9-9E20-1802212D14A7}.Debug|x64.ActiveCfg = Debug|x64
		{67DE84F7-BD7F-46F9-9E20-1802212D14A7}.Debug|x64.Build.0 = Debug|x64
		{67DE84F7-BD7F-46F9-9E20-1802212D14A7}.Debug|x86.ActiveCfg = Debug|Win32
		{67DE84F7-BD7F-46F9-9E20-1802212D14A7}.Debug|x86.Build.0 = Debug|Win32
		{67DE84F7-BD7F-46F9-9E20-1802212D14A7}.Release|x64.ActiveCfg = Release|x64
		{67DE84F7-BD7F-46F9-9E20-1802212D14A7}.Release|x64.Build.0 = Release|x64
		{67DE84F7-BD7F-46F9-9E20-1802212D14A7}.Release|x86.ActiveCfg = Release|Win32
		{67DE84F7-BD7F-46F9-9E20-1802212D14A7}.Release|x86.Build.0 = Release|Win32
		{9389A489-A394-43FD-94E4-E65D20331552}.Debug|x64.ActiveCfg = Debug|x64
		{9389A489-A394-43FD-94E4-E65D20331552}.Debug|x64.Build.0 = Debug|x64
		{9389A489-A394-43FD-94E4-E65D20331552}.Debug|x86.ActiveCfg = Debug|Win32
		{9389A489-A394-43FD-94E4-E65D20331552}.Debug|x86.Build.0 = Debug|Win32
		{9389A489-A394-43FD-94E4-E65D20331552}.Release|x64.ActiveCfg = Release|x64
		{9389A489-A394-43FD-94E4-E65D20331552}.Release|x64.Build.0 = Release|x64
		{9389A489-A394-43FD-94E4-E65D20331552}.Release|x86.ActiveCfg = Release|Win32
		{9389A489-A394-43FD-94E4-E65D20331552}.Release|x86.Build.0 = Release|Win32
	EndGlobalSection
	GlobalSection(SolutionProperties) = preSolution
		HideSolutionNode = FALSE
	EndGlobalSection
	GlobalSection(ExtensibilityGlobals) = postSolution
		SolutionGuid = {6395916A-8605-4F12-B355-9FB2E7DA1A85}
	EndGlobalSection
EndGlobal
